
Microsoft Visual Studio Solution File, Format Version 12.00
# Visual Studio Version 17
VisualStudioVersion = 17.11.35312.102
MinimumVisualStudioVersion = 10.0.40219.1
Project("{FAE04EC0-301F-11D3-BF4B-00C04F79EFBC}") = "LibWeb", "LibWeb\LibWeb.csproj", "{B657F175-7A4F-49A4-9ED5-BA83D1A96492}"
EndProject
Global
	GlobalSection(SolutionConfigurationPlatforms) = preSolution
		Debug|Any CPU = Debug|Any CPU
		Release|Any CPU = Release|Any CPU
	EndGlobalSection
	GlobalSection(ProjectConfigurationPlatforms) = postSolution
		{B657F175-7A4F-49A4-9ED5-BA83D1A96492}.Debug|Any CPU.ActiveCfg = Debug|Any CPU
		{B657F175-7A4F-49A4-9ED5-BA83D1A96492}.Debug|Any CPU.Build.0 = Debug|Any CPU
		{B657F175-7A4F-49A4-9ED5-BA83D1A96492}.Release|Any CPU.ActiveCfg = Release|Any CPU
		{B657F175-7A4F-49A4-9ED5-BA83D1A96492}.Release|Any CPU.Build.0 = Release|Any CPU
	EndGlobalSection
	GlobalSection(SolutionProperties) = preSolution
		HideSolutionNode = FALSE
	EndGlobalSection
	GlobalSection(ExtensibilityGlobals) = postSolution
		SolutionGuid = {A1A16E1A-8C55-4418-A535-E50A7DB9C9D3}
	EndGlobalSection
EndGlobal
